
Microsoft Visual Studio Solution File, Format Version 12.00
Project("{FAE04EC0-301F-11D3-BF4B-00C04F79EFBC}") = "SpintaxSharp", "SpintaxSharp\SpintaxSharp.csproj", "{95E6D2BF-2DAD-4DC9-A97A-718E283F7FC4}"
EndProject
Project("{FAE04EC0-301F-11D3-BF4B-00C04F79EFBC}") = "SpintaxSharp.Tests", "SpintaxSharp.Tests\SpintaxSharp.Tests.csproj", "{BF8DBED7-243D-415F-8E92-095DD498D90F}"
EndProject
Global
	GlobalSection(SolutionConfigurationPlatforms) = preSolution
		Debug|Any CPU = Debug|Any CPU
		Release|Any CPU = Release|Any CPU
	EndGlobalSection
	GlobalSection(ProjectConfigurationPlatforms) = postSolution
		{95E6D2BF-2DAD-4DC9-A97A-718E283F7FC4}.Debug|Any CPU.ActiveCfg = Debug|Any CPU
		{95E6D2BF-2DAD-4DC9-A97A-718E283F7FC4}.Debug|Any CPU.Build.0 = Debug|Any CPU
		{95E6D2BF-2DAD-4DC9-A97A-718E283F7FC4}.Release|Any CPU.ActiveCfg = Release|Any CPU
		{95E6D2BF-2DAD-4DC9-A97A-718E283F7FC4}.Release|Any CPU.Build.0 = Release|Any CPU
		{BF8DBED7-243D-415F-8E92-095DD498D90F}.Debug|Any CPU.ActiveCfg = Debug|Any CPU
		{BF8DBED7-243D-415F-8E92-095DD498D90F}.Debug|Any CPU.Build.0 = Debug|Any CPU
		{BF8DBED7-243D-415F-8E92-095DD498D90F}.Release|Any CPU.ActiveCfg = Release|Any CPU
		{BF8DBED7-243D-415F-8E92-095DD498D90F}.Release|Any CPU.Build.0 = Release|Any CPU
	EndGlobalSection
EndGlobal
